{
    "_meta": {
        "hash": {
            "sha256": "6bdd8259b140dd172dca1c94fdf92aca2e986dadddc33740bea911016cc2294d"
        },
        "pipfile-spec": 6,
        "requires": {
            "python_version": "3.11"
        },
        "sources": [
            {
                "name": "pypi",
                "url": "https://pypi.org/simple",
                "verify_ssl": true
            }
        ]
    },
    "default": {
        "configparser": {
            "hashes": [
                "sha256:900ea2bb01b2540b1a644ad3d5351e9b961a4a012d4732f619375fb8f641ee19",
                "sha256:ec914ab1e56c672de1f5c3483964e68f71b34e457904b7b76e06b922aec067a8"
            ],
            "index": "pypi",
            "version": "==6.0.0"
        },
        "i2cdevice": {
            "hashes": [
                "sha256:595cfa3815aab4d8a4bbe1cbd4a4e1271d56cf7c1de367eab6a94dd80566f0c1",
                "sha256:a9a5d1666a11b6733d16c73f148fc85cba767dd1b976e5bcc56ad970986c96c4"
            ],
            "markers": "python_version >= '3.7'",
            "version": "==1.0.0"
        },
        "pimoroni-bme280": {
            "hashes": [
                "sha256:2cafc2b636535c5dc01df37c0b0bd8c0b5d0228da23a177ec8884c31db3ec05c",
                "sha256:7415a037ba3dd14ce40d705bb006e02f53b276c72aef75fda5ea86daef666a4f"
            ],
            "index": "pypi",
            "version": "==1.0.0"
        },
        "pymysql": {
            "hashes": [
                "sha256:4f13a7df8bf36a51e81dd9f3605fede45a4878fe02f9236349fd82a3f0612f96",
                "sha256:8969ec6d763c856f7073c4c64662882675702efcb114b4bcbb955aea3a069fa7"
            ],
            "index": "pypi",
            "version": "==1.1.0"
        },
        "smbus2": {
            "hashes": [
                "sha256:36f2288a8e1a363cb7a7b2244ec98d880eb5a728a2494ac9c71e9de7bf6a803a",
                "sha256:a2fc29cfda4081ead2ed61ef2c4fc041d71dd40a8d917e85216f44786fca2d1d"
            ],
            "version": "==0.4.3"
        }
    },
    "develop": {}
}
